{
  "originHash" : "5eec10d471a0b7d9db0ad69d029dee1133cefbf2115cf51bebf43b2aca8ca088",
  "pins" : [
    {
      "identity" : "purchases-ios",
      "kind" : "remoteSourceControl",
      "location" : "https://github.com/RevenueCat/purchases-ios.git",
      "state" : {
        "revision" : "b2534624b07892539cbe7f282a49b12cf622da26",
        "version" : "4.44.0"
      }
    }
  ],
  "version" : 3
}
